// !$*UTF8*$!
{
	archiveVersion = 1;
	classes = {
	};
	objectVersion = 50;
	objects = {

/* Begin PBXBuildFile section */
		151A218021A5B0E400EE3278 /* Utilities.swift in Sources */ = {isa = PBXBuildFile; fileRef = 151A217F21A5B0E400EE3278 /* Utilities.swift */; };
		B7B02F3420FF52EF00458980 /* README.md in Resources */ = {isa = PBXBuildFile; fileRef = B7B02F3320FF52EF00458980 /* README.md */; };
		F00FE0B2219DF6660040533D /* CocoaAsyncSocket.framework in Frameworks */ = {isa = PBXBuildFile; fileRef = F00FE0AA219DF16F0040533D /* CocoaAsyncSocket.framework */; };
		F00FE0B3219DF6660040533D /* CocoaAsyncSocket.framework in Embed Frameworks */ = {isa = PBXBuildFile; fileRef = F00FE0AA219DF16F0040533D /* CocoaAsyncSocket.framework */; settings = {ATTRIBUTES = (CodeSignOnCopy, RemoveHeadersOnCopy, ); }; };
		F00FE0B5219DF66B0040533D /* JustLog.framework in Frameworks */ = {isa = PBXBuildFile; fileRef = F00FE0A9219DF16F0040533D /* JustLog.framework */; };
		F00FE0B6219DF66B0040533D /* JustLog.framework in Embed Frameworks */ = {isa = PBXBuildFile; fileRef = F00FE0A9219DF16F0040533D /* JustLog.framework */; settings = {ATTRIBUTES = (CodeSignOnCopy, RemoveHeadersOnCopy, ); }; };
		F00FE0B7219DF66D0040533D /* SwiftyBeaver.framework in Frameworks */ = {isa = PBXBuildFile; fileRef = F00FE0A8219DF16F0040533D /* SwiftyBeaver.framework */; };
		F00FE0B8219DF66D0040533D /* SwiftyBeaver.framework in Embed Frameworks */ = {isa = PBXBuildFile; fileRef = F00FE0A8219DF16F0040533D /* SwiftyBeaver.framework */; settings = {ATTRIBUTES = (CodeSignOnCopy, RemoveHeadersOnCopy, ); }; };
		F00FE0B9219DF6700040533D /* SelerioARKit.framework in Frameworks */ = {isa = PBXBuildFile; fileRef = F00FE0AB219DF16F0040533D /* SelerioARKit.framework */; };
		F00FE0BA219DF6700040533D /* SelerioARKit.framework in Embed Frameworks */ = {isa = PBXBuildFile; fileRef = F00FE0AB219DF16F0040533D /* SelerioARKit.framework */; settings = {ATTRIBUTES = (CodeSignOnCopy, RemoveHeadersOnCopy, ); }; };
		F09F9A272098B83900D13BAA /* AppDelegate.swift in Sources */ = {isa = PBXBuildFile; fileRef = F09F9A262098B83900D13BAA /* AppDelegate.swift */; };
		F09F9A292098B83900D13BAA /* art.scnassets in Resources */ = {isa = PBXBuildFile; fileRef = F09F9A282098B83900D13BAA /* art.scnassets */; };
		F09F9A2B2098B83900D13BAA /* ViewController.swift in Sources */ = {isa = PBXBuildFile; fileRef = F09F9A2A2098B83900D13BAA /* ViewController.swift */; };
		F09F9A2E2098B83900D13BAA /* Main.storyboard in Resources */ = {isa = PBXBuildFile; fileRef = F09F9A2C2098B83900D13BAA /* Main.storyboard */; };
		F09F9A302098B83A00D13BAA /* Assets.xcassets in Resources */ = {isa = PBXBuildFile; fileRef = F09F9A2F2098B83A00D13BAA /* Assets.xcassets */; };
		F09F9A332098B83A00D13BAA /* LaunchScreen.storyboard in Resources */ = {isa = PBXBuildFile; fileRef = F09F9A312098B83A00D13BAA /* LaunchScreen.storyboard */; };
		F09F9A3E2098B83A00D13BAA /* SelerioARKitBasicsTests.swift in Sources */ = {isa = PBXBuildFile; fileRef = F09F9A3D2098B83A00D13BAA /* SelerioARKitBasicsTests.swift */; };
/* End PBXBuildFile section */

/* Begin PBXContainerItemProxy section */
		F09F9A3A2098B83A00D13BAA /* PBXContainerItemProxy */ = {
			isa = PBXContainerItemProxy;
			containerPortal = F09F9A1B2098B83900D13BAA /* Project object */;
			proxyType = 1;
			remoteGlobalIDString = F09F9A222098B83900D13BAA;
			remoteInfo = SelerioARKitBasics;
		};
/* End PBXContainerItemProxy section */

/* Begin PBXCopyFilesBuildPhase section */
		F00FE0B4219DF6660040533D /* Embed Frameworks */ = {
			isa = PBXCopyFilesBuildPhase;
			buildActionMask = 2147483647;
			dstPath = "";
			dstSubfolderSpec = 10;
			files = (
				F00FE0BA219DF6700040533D /* SelerioARKit.framework in Embed Frameworks */,
				F00FE0B3219DF6660040533D /* CocoaAsyncSocket.framework in Embed Frameworks */,
				F00FE0B8219DF66D0040533D /* SwiftyBeaver.framework in Embed Frameworks */,
				F00FE0B6219DF66B0040533D /* JustLog.framework in Embed Frameworks */,
			);
			name = "Embed Frameworks";
			runOnlyForDeploymentPostprocessing = 0;
		};
/* End PBXCopyFilesBuildPhase section */

/* Begin PBXFileReference section */
		151A217F21A5B0E400EE3278 /* Utilities.swift */ = {isa = PBXFileReference; lastKnownFileType = sourcecode.swift; path = Utilities.swift; sourceTree = "<group>"; };
		B7B02F3320FF52EF00458980 /* README.md */ = {isa = PBXFileReference; fileEncoding = 4; lastKnownFileType = net.daringfireball.markdown; path = README.md; sourceTree = "<group>"; };
		F00FE0A8219DF16F0040533D /* SwiftyBeaver.framework */ = {isa = PBXFileReference; lastKnownFileType = wrapper.framework; name = SwiftyBeaver.framework; path = Frameworks/SwiftyBeaver.framework; sourceTree = "<group>"; };
		F00FE0A9219DF16F0040533D /* JustLog.framework */ = {isa = PBXFileReference; lastKnownFileType = wrapper.framework; name = JustLog.framework; path = Frameworks/JustLog.framework; sourceTree = "<group>"; };
		F00FE0AA219DF16F0040533D /* CocoaAsyncSocket.framework */ = {isa = PBXFileReference; lastKnownFileType = wrapper.framework; name = CocoaAsyncSocket.framework; path = Frameworks/CocoaAsyncSocket.framework; sourceTree = "<group>"; };
		F00FE0AB219DF16F0040533D /* SelerioARKit.framework */ = {isa = PBXFileReference; lastKnownFileType = wrapper.framework; name = SelerioARKit.framework; path = Frameworks/SelerioARKit.framework; sourceTree = "<group>"; };
		F09F9A232098B83900D13BAA /* SelerioARKitBasics.app */ = {isa = PBXFileReference; explicitFileType = wrapper.application; includeInIndex = 0; path = SelerioARKitBasics.app; sourceTree = BUILT_PRODUCTS_DIR; };
		F09F9A262098B83900D13BAA /* AppDelegate.swift */ = {isa = PBXFileReference; lastKnownFileType = sourcecode.swift; path = AppDelegate.swift; sourceTree = "<group>"; };
		F09F9A282098B83900D13BAA /* art.scnassets */ = {isa = PBXFileReference; lastKnownFileType = wrapper.scnassets; path = art.scnassets; sourceTree = "<group>"; };
		F09F9A2A2098B83900D13BAA /* ViewController.swift */ = {isa = PBXFileReference; lastKnownFileType = sourcecode.swift; path = ViewController.swift; sourceTree = "<group>"; };
		F09F9A2D2098B83900D13BAA /* Base */ = {isa = PBXFileReference; lastKnownFileType = file.storyboard; name = Base; path = Base.lproj/Main.storyboard; sourceTree = "<group>"; };
		F09F9A2F2098B83A00D13BAA /* Assets.xcassets */ = {isa = PBXFileReference; lastKnownFileType = folder.assetcatalog; path = Assets.xcassets; sourceTree = "<group>"; };
		F09F9A322098B83A00D13BAA /* Base */ = {isa = PBXFileReference; lastKnownFileType = file.storyboard; name = Base; path = Base.lproj/LaunchScreen.storyboard; sourceTree = "<group>"; };
		F09F9A342098B83A00D13BAA /* Info.plist */ = {isa = PBXFileReference; lastKnownFileType = text.plist.xml; path = Info.plist; sourceTree = "<group>"; };
		F09F9A392098B83A00D13BAA /* SelerioARKitBasicsTests.xctest */ = {isa = PBXFileReference; explicitFileType = wrapper.cfbundle; includeInIndex = 0; path = SelerioARKitBasicsTests.xctest; sourceTree = BUILT_PRODUCTS_DIR; };
		F09F9A3D2098B83A00D13BAA /* SelerioARKitBasicsTests.swift */ = {isa = PBXFileReference; lastKnownFileType = sourcecode.swift; path = SelerioARKitBasicsTests.swift; sourceTree = "<group>"; };
		F09F9A3F2098B83A00D13BAA /* Info.plist */ = {isa = PBXFileReference; lastKnownFileType = text.plist.xml; path = Info.plist; sourceTree = "<group>"; };
		F09F9A492098B86000D13BAA /* ARKit.framework */ = {isa = PBXFileReference; lastKnownFileType = wrapper.framework; name = ARKit.framework; path = System/Library/Frameworks/ARKit.framework; sourceTree = SDKROOT; };
/* End PBXFileReference section */

/* Begin PBXFrameworksBuildPhase section */
		F09F9A202098B83900D13BAA /* Frameworks */ = {
			isa = PBXFrameworksBuildPhase;
			buildActionMask = 2147483647;
			files = (
				F00FE0B9219DF6700040533D /* SelerioARKit.framework in Frameworks */,
				F00FE0B2219DF6660040533D /* CocoaAsyncSocket.framework in Frameworks */,
				F00FE0B7219DF66D0040533D /* SwiftyBeaver.framework in Frameworks */,
				F00FE0B5219DF66B0040533D /* JustLog.framework in Frameworks */,
			);
			runOnlyForDeploymentPostprocessing = 0;
		};
		F09F9A362098B83A00D13BAA /* Frameworks */ = {
			isa = PBXFrameworksBuildPhase;
			buildActionMask = 2147483647;
			files = (
			);
			runOnlyForDeploymentPostprocessing = 0;
		};
/* End PBXFrameworksBuildPhase section */

/* Begin PBXGroup section */
		F09F9A1A2098B83900D13BAA = {
			isa = PBXGroup;
			children = (
				B7B02F3320FF52EF00458980 /* README.md */,
				F09F9A252098B83900D13BAA /* SelerioARKitBasics */,
				F09F9A3C2098B83A00D13BAA /* SelerioARKitBasicsTests */,
				F09F9A242098B83900D13BAA /* Products */,
				F09F9A482098B86000D13BAA /* Frameworks */,
			);
			sourceTree = "<group>";
		};
		F09F9A242098B83900D13BAA /* Products */ = {
			isa = PBXGroup;
			children = (
				F09F9A232098B83900D13BAA /* SelerioARKitBasics.app */,
				F09F9A392098B83A00D13BAA /* SelerioARKitBasicsTests.xctest */,
			);
			name = Products;
			sourceTree = "<group>";
		};
		F09F9A252098B83900D13BAA /* SelerioARKitBasics */ = {
			isa = PBXGroup;
			children = (
				F09F9A262098B83900D13BAA /* AppDelegate.swift */,
				F09F9A282098B83900D13BAA /* art.scnassets */,
				F09F9A2A2098B83900D13BAA /* ViewController.swift */,
				F09F9A2C2098B83900D13BAA /* Main.storyboard */,
				F09F9A2F2098B83A00D13BAA /* Assets.xcassets */,
				F09F9A312098B83A00D13BAA /* LaunchScreen.storyboard */,
				F09F9A342098B83A00D13BAA /* Info.plist */,
				151A217F21A5B0E400EE3278 /* Utilities.swift */,
			);
			path = SelerioARKitBasics;
			sourceTree = "<group>";
		};
		F09F9A3C2098B83A00D13BAA /* SelerioARKitBasicsTests */ = {
			isa = PBXGroup;
			children = (
				F09F9A3D2098B83A00D13BAA /* SelerioARKitBasicsTests.swift */,
				F09F9A3F2098B83A00D13BAA /* Info.plist */,
			);
			path = SelerioARKitBasicsTests;
			sourceTree = "<group>";
		};
		F09F9A482098B86000D13BAA /* Frameworks */ = {
			isa = PBXGroup;
			children = (
				F00FE0AA219DF16F0040533D /* CocoaAsyncSocket.framework */,
				F00FE0A9219DF16F0040533D /* JustLog.framework */,
				F00FE0AB219DF16F0040533D /* SelerioARKit.framework */,
				F00FE0A8219DF16F0040533D /* SwiftyBeaver.framework */,
				F09F9A492098B86000D13BAA /* ARKit.framework */,
			);
			name = Frameworks;
			sourceTree = "<group>";
		};
/* End PBXGroup section */

/* Begin PBXNativeTarget section */
		F09F9A222098B83900D13BAA /* SelerioARKitBasics */ = {
			isa = PBXNativeTarget;
			buildConfigurationList = F09F9A422098B83A00D13BAA /* Build configuration list for PBXNativeTarget "SelerioARKitBasics" */;
			buildPhases = (
				F09F9A1F2098B83900D13BAA /* Sources */,
				F09F9A202098B83900D13BAA /* Frameworks */,
				F09F9A212098B83900D13BAA /* Resources */,
				F00FE0B4219DF6660040533D /* Embed Frameworks */,
			);
			buildRules = (
			);
			dependencies = (
			);
			name = SelerioARKitBasics;
			productName = SelerioARKitBasics;
			productReference = F09F9A232098B83900D13BAA /* SelerioARKitBasics.app */;
			productType = "com.apple.product-type.application";
		};
		F09F9A382098B83A00D13BAA /* SelerioARKitBasicsTests */ = {
			isa = PBXNativeTarget;
			buildConfigurationList = F09F9A452098B83A00D13BAA /* Build configuration list for PBXNativeTarget "SelerioARKitBasicsTests" */;
			buildPhases = (
				F09F9A352098B83A00D13BAA /* Sources */,
				F09F9A362098B83A00D13BAA /* Frameworks */,
				F09F9A372098B83A00D13BAA /* Resources */,
			);
			buildRules = (
			);
			dependencies = (
				F09F9A3B2098B83A00D13BAA /* PBXTargetDependency */,
			);
			name = SelerioARKitBasicsTests;
			productName = SelerioARKitBasicsTests;
			productReference = F09F9A392098B83A00D13BAA /* SelerioARKitBasicsTests.xctest */;
			productType = "com.apple.product-type.bundle.unit-test";
		};
/* End PBXNativeTarget section */

/* Begin PBXProject section */
		F09F9A1B2098B83900D13BAA /* Project object */ = {
			isa = PBXProject;
			attributes = {
				LastSwiftUpdateCheck = 0930;
				LastUpgradeCheck = 0930;
				ORGANIZATIONNAME = "Flora Tasse";
				TargetAttributes = {
					F09F9A222098B83900D13BAA = {
						CreatedOnToolsVersion = 9.3;
						LastSwiftMigration = 1010;
					};
					F09F9A382098B83A00D13BAA = {
						CreatedOnToolsVersion = 9.3;
						LastSwiftMigration = 1010;
						TestTargetID = F09F9A222098B83900D13BAA;
					};
				};
			};
			buildConfigurationList = F09F9A1E2098B83900D13BAA /* Build configuration list for PBXProject "SelerioARKitBasics" */;
			compatibilityVersion = "Xcode 9.3";
			developmentRegion = en;
			hasScannedForEncodings = 0;
			knownRegions = (
				en,
				Base,
			);
			mainGroup = F09F9A1A2098B83900D13BAA;
			productRefGroup = F09F9A242098B83900D13BAA /* Products */;
			projectDirPath = "";
			projectRoot = "";
			targets = (
				F09F9A222098B83900D13BAA /* SelerioARKitBasics */,
				F09F9A382098B83A00D13BAA /* SelerioARKitBasicsTests */,
			);
		};
/* End PBXProject section */

/* Begin PBXResourcesBuildPhase section */
		F09F9A212098B83900D13BAA /* Resources */ = {
			isa = PBXResourcesBuildPhase;
			buildActionMask = 2147483647;
			files = (
				F09F9A292098B83900D13BAA /* art.scnassets in Resources */,
				F09F9A332098B83A00D13BAA /* LaunchScreen.storyboard in Resources */,
				B7B02F3420FF52EF00458980 /* README.md in Resources */,
				F09F9A302098B83A00D13BAA /* Assets.xcassets in Resources */,
				F09F9A2E2098B83900D13BAA /* Main.storyboard in Resources */,
			);
			runOnlyForDeploymentPostprocessing = 0;
		};
		F09F9A372098B83A00D13BAA /* Resources */ = {
			isa = PBXResourcesBuildPhase;
			buildActionMask = 2147483647;
			files = (
			);
			runOnlyForDeploymentPostprocessing = 0;
		};
/* End PBXResourcesBuildPhase section */

/* Begin PBXSourcesBuildPhase section */
		F09F9A1F2098B83900D13BAA /* Sources */ = {
			isa = PBXSourcesBuildPhase;
			buildActionMask = 2147483647;
			files = (
				151A218021A5B0E400EE3278 /* Utilities.swift in Sources */,
				F09F9A2B2098B83900D13BAA /* ViewController.swift in Sources */,
				F09F9A272098B83900D13BAA /* AppDelegate.swift in Sources */,
			);
			runOnlyForDeploymentPostprocessing = 0;
		};
		F09F9A352098B83A00D13BAA /* Sources */ = {
			isa = PBXSourcesBuildPhase;
			buildActionMask = 2147483647;
			files = (
				F09F9A3E2098B83A00D13BAA /* SelerioARKitBasicsTests.swift in Sources */,
			);
			runOnlyForDeploymentPostprocessing = 0;
		};
/* End PBXSourcesBuildPhase section */

/* Begin PBXTargetDependency section */
		F09F9A3B2098B83A00D13BAA /* PBXTargetDependency */ = {
			isa = PBXTargetDependency;
			target = F09F9A222098B83900D13BAA /* SelerioARKitBasics */;
			targetProxy = F09F9A3A2098B83A00D13BAA /* PBXContainerItemProxy */;
		};
/* End PBXTargetDependency section */

/* Begin PBXVariantGroup section */
		F09F9A2C2098B83900D13BAA /* Main.storyboard */ = {
			isa = PBXVariantGroup;
			children = (
				F09F9A2D2098B83900D13BAA /* Base */,
			);
			name = Main.storyboard;
			sourceTree = "<group>";
		};
		F09F9A312098B83A00D13BAA /* LaunchScreen.storyboard */ = {
			isa = PBXVariantGroup;
			children = (
				F09F9A322098B83A00D13BAA /* Base */,
			);
			name = LaunchScreen.storyboard;
			sourceTree = "<group>";
		};
/* End PBXVariantGroup section */

/* Begin XCBuildConfiguration section */
		F09F9A402098B83A00D13BAA /* Debug */ = {
			isa = XCBuildConfiguration;
			buildSettings = {
				ALWAYS_SEARCH_USER_PATHS = NO;
				CLANG_ANALYZER_NONNULL = YES;
				CLANG_ANALYZER_NUMBER_OBJECT_CONVERSION = YES_AGGRESSIVE;
				CLANG_CXX_LANGUAGE_STANDARD = "gnu++14";
				CLANG_CXX_LIBRARY = "libc++";
				CLANG_ENABLE_MODULES = YES;
				CLANG_ENABLE_OBJC_ARC = YES;
				CLANG_ENABLE_OBJC_WEAK = YES;
				CLANG_WARN_BLOCK_CAPTURE_AUTORELEASING = YES;
				CLANG_WARN_BOOL_CONVERSION = YES;
				CLANG_WARN_COMMA = YES;
				CLANG_WARN_CONSTANT_CONVERSION = YES;
				CLANG_WARN_DEPRECATED_OBJC_IMPLEMENTATIONS = YES;
				CLANG_WARN_DIRECT_OBJC_ISA_USAGE = YES_ERROR;
				CLANG_WARN_DOCUMENTATION_COMMENTS = YES;
				CLANG_WARN_EMPTY_BODY = YES;
				CLANG_WARN_ENUM_CONVERSION = YES;
				CLANG_WARN_INFINITE_RECURSION = YES;
				CLANG_WARN_INT_CONVERSION = YES;
				CLANG_WARN_NON_LITERAL_NULL_CONVERSION = YES;
				CLANG_WARN_OBJC_IMPLICIT_RETAIN_SELF = YES;
				CLANG_WARN_OBJC_LITERAL_CONVERSION = YES;
				CLANG_WARN_OBJC_ROOT_CLASS = YES_ERROR;
				CLANG_WARN_RANGE_LOOP_ANALYSIS = YES;
				CLANG_WARN_STRICT_PROTOTYPES = YES;
				CLANG_WARN_SUSPICIOUS_MOVE = YES;
				CLANG_WARN_UNGUARDED_AVAILABILITY = YES_AGGRESSIVE;
				CLANG_WARN_UNREACHABLE_CODE = YES;
				CLANG_WARN__DUPLICATE_METHOD_MATCH = YES;
				CODE_SIGN_IDENTITY = "iPhone Developer";
				COPY_PHASE_STRIP = NO;
				DEBUG_INFORMATION_FORMAT = dwarf;
				ENABLE_STRICT_OBJC_MSGSEND = YES;
				ENABLE_TESTABILITY = YES;
				FRAMEWORK_SEARCH_PATHS = "";
				GCC_C_LANGUAGE_STANDARD = gnu11;
				GCC_DYNAMIC_NO_PIC = NO;
				GCC_NO_COMMON_BLOCKS = YES;
				GCC_OPTIMIZATION_LEVEL = 0;
				GCC_PREPROCESSOR_DEFINITIONS = (
					"DEBUG=1",
					"$(inherited)",
				);
				GCC_WARN_64_TO_32_BIT_CONVERSION = YES;
				GCC_WARN_ABOUT_RETURN_TYPE = YES_ERROR;
				GCC_WARN_UNDECLARED_SELECTOR = YES;
				GCC_WARN_UNINITIALIZED_AUTOS = YES_AGGRESSIVE;
				GCC_WARN_UNUSED_FUNCTION = YES;
				GCC_WARN_UNUSED_VARIABLE = YES;
				IPHONEOS_DEPLOYMENT_TARGET = 12.0;
				MTL_ENABLE_DEBUG_INFO = YES;
				ONLY_ACTIVE_ARCH = YES;
				SDKROOT = iphoneos;
				SWIFT_ACTIVE_COMPILATION_CONDITIONS = DEBUG;
				SWIFT_OPTIMIZATION_LEVEL = "-Onone";
			};
			name = Debug;
		};
		F09F9A412098B83A00D13BAA /* Release */ = {
			isa = XCBuildConfiguration;
			buildSettings = {
				ALWAYS_SEARCH_USER_PATHS = NO;
				CLANG_ANALYZER_NONNULL = YES;
				CLANG_ANALYZER_NUMBER_OBJECT_CONVERSION = YES_AGGRESSIVE;
				CLANG_CXX_LANGUAGE_STANDARD = "gnu++14";
				CLANG_CXX_LIBRARY = "libc++";
				CLANG_ENABLE_MODULES = YES;
				CLANG_ENABLE_OBJC_ARC = YES;
				CLANG_ENABLE_OBJC_WEAK = YES;
				CLANG_WARN_BLOCK_CAPTURE_AUTORELEASING = YES;
				CLANG_WARN_BOOL_CONVERSION = YES;
				CLANG_WARN_COMMA = YES;
				CLANG_WARN_CONSTANT_CONVERSION = YES;
				CLANG_WARN_DEPRECATED_OBJC_IMPLEMENTATIONS = YES;
				CLANG_WARN_DIRECT_OBJC_ISA_USAGE = YES_ERROR;
				CLANG_WARN_DOCUMENTATION_COMMENTS = YES;
				CLANG_WARN_EMPTY_BODY = YES;
				CLANG_WARN_ENUM_CONVERSION = YES;
				CLANG_WARN_INFINITE_RECURSION = YES;
				CLANG_WARN_INT_CONVERSION = YES;
				CLANG_WARN_NON_LITERAL_NULL_CONVERSION = YES;
				CLANG_WARN_OBJC_IMPLICIT_RETAIN_SELF = YES;
				CLANG_WARN_OBJC_LITERAL_CONVERSION = YES;
				CLANG_WARN_OBJC_ROOT_CLASS = YES_ERROR;
				CLANG_WARN_RANGE_LOOP_ANALYSIS = YES;
				CLANG_WARN_STRICT_PROTOTYPES = YES;
				CLANG_WARN_SUSPICIOUS_MOVE = YES;
				CLANG_WARN_UNGUARDED_AVAILABILITY = YES_AGGRESSIVE;
				CLANG_WARN_UNREACHABLE_CODE = YES;
				CLANG_WARN__DUPLICATE_METHOD_MATCH = YES;
				CODE_SIGN_IDENTITY = "iPhone Developer";
				COPY_PHASE_STRIP = NO;
				DEBUG_INFORMATION_FORMAT = "dwarf-with-dsym";
				ENABLE_NS_ASSERTIONS = NO;
				ENABLE_STRICT_OBJC_MSGSEND = YES;
				FRAMEWORK_SEARCH_PATHS = "";
				GCC_C_LANGUAGE_STANDARD = gnu11;
				GCC_NO_COMMON_BLOCKS = YES;
				GCC_WARN_64_TO_32_BIT_CONVERSION = YES;
				GCC_WARN_ABOUT_RETURN_TYPE = YES_ERROR;
				GCC_WARN_UNDECLARED_SELECTOR = YES;
				GCC_WARN_UNINITIALIZED_AUTOS = YES_AGGRESSIVE;
				GCC_WARN_UNUSED_FUNCTION = YES;
				GCC_WARN_UNUSED_VARIABLE = YES;
				IPHONEOS_DEPLOYMENT_TARGET = 12.0;
				MTL_ENABLE_DEBUG_INFO = NO;
				SDKROOT = iphoneos;
				SWIFT_COMPILATION_MODE = wholemodule;
				SWIFT_OPTIMIZATION_LEVEL = "-O";
				VALIDATE_PRODUCT = YES;
			};
			name = Release;
		};
		F09F9A432098B83A00D13BAA /* Debug */ = {
			isa = XCBuildConfiguration;
			buildSettings = {
				ASSETCATALOG_COMPILER_APPICON_NAME = AppIcon;
				ASSETCATALOG_COMPILER_LAUNCHIMAGE_NAME = LaunchImage;
				CODE_SIGN_STYLE = Automatic;
				DEVELOPMENT_TEAM = B97M96HFJU;
				ENABLE_BITCODE = NO;
				FRAMEWORK_SEARCH_PATHS = (
					"$(inherited)",
					"$(PROJECT_DIR)",
					"$(PROJECT_DIR)/Frameworks",
				);
				INFOPLIST_FILE = SelerioARKitBasics/Info.plist;
				IPHONEOS_DEPLOYMENT_TARGET = 12.0;
				LD_RUNPATH_SEARCH_PATHS = (
					"$(inherited)",
					"@executable_path/Frameworks",
				);
				LIBRARY_SEARCH_PATHS = "";
				PRODUCT_BUNDLE_IDENTIFIER = com.selerio.SelerioARKitBasics;
				PRODUCT_NAME = "$(TARGET_NAME)";
				SWIFT_VERSION = 4.0;
				TARGETED_DEVICE_FAMILY = "1,2";
			};
			name = Debug;
		};
		F09F9A442098B83A00D13BAA /* Release */ = {
			isa = XCBuildConfiguration;
			buildSettings = {
				ASSETCATALOG_COMPILER_APPICON_NAME = AppIcon;
				ASSETCATALOG_COMPILER_LAUNCHIMAGE_NAME = LaunchImage;
				CODE_SIGN_STYLE = Automatic;
				DEVELOPMENT_TEAM = B97M96HFJU;
				ENABLE_BITCODE = NO;
				FRAMEWORK_SEARCH_PATHS = (
					"$(inherited)",
					"$(PROJECT_DIR)",
					"$(PROJECT_DIR)/Frameworks",
				);
				INFOPLIST_FILE = SelerioARKitBasics/Info.plist;
				IPHONEOS_DEPLOYMENT_TARGET = 12.0;
				LD_RUNPATH_SEARCH_PATHS = (
					"$(inherited)",
					"@executable_path/Frameworks",
				);
				LIBRARY_SEARCH_PATHS = "";
				PRODUCT_BUNDLE_IDENTIFIER = com.selerio.SelerioARKitBasics;
				PRODUCT_NAME = "$(TARGET_NAME)";
				SWIFT_VERSION = 4.0;
				TARGETED_DEVICE_FAMILY = "1,2";
			};
			name = Release;
		};
		F09F9A462098B83A00D13BAA /* Debug */ = {
			isa = XCBuildConfiguration;
			buildSettings = {
				ALWAYS_EMBED_SWIFT_STANDARD_LIBRARIES = YES;
				BUNDLE_LOADER = "$(TEST_HOST)";
				CODE_SIGN_STYLE = Automatic;
				DEVELOPMENT_TEAM = B97M96HFJU;
				INFOPLIST_FILE = SelerioARKitBasicsTests/Info.plist;
				LD_RUNPATH_SEARCH_PATHS = (
					"$(inherited)",
					"@executable_path/Frameworks",
					"@loader_path/Frameworks",
				);
				PRODUCT_BUNDLE_IDENTIFIER = com.selerio.SelerioARKitBasicsTests;
				PRODUCT_NAME = "$(TARGET_NAME)";
				SWIFT_VERSION = 4.0;
				TARGETED_DEVICE_FAMILY = "1,2";
				TEST_HOST = "$(BUILT_PRODUCTS_DIR)/SelerioARKitBasics.app/SelerioARKitBasics";
			};
			name = Debug;
		};
		F09F9A472098B83A00D13BAA /* Release */ = {
			isa = XCBuildConfiguration;
			buildSettings = {
				ALWAYS_EMBED_SWIFT_STANDARD_LIBRARIES = YES;
				BUNDLE_LOADER = "$(TEST_HOST)";
				CODE_SIGN_STYLE = Automatic;
				DEVELOPMENT_TEAM = B97M96HFJU;
				INFOPLIST_FILE = SelerioARKitBasicsTests/Info.plist;
				LD_RUNPATH_SEARCH_PATHS = (
					"$(inherited)",
					"@executable_path/Frameworks",
					"@loader_path/Frameworks",
				);
				PRODUCT_BUNDLE_IDENTIFIER = com.selerio.SelerioARKitBasicsTests;
				PRODUCT_NAME = "$(TARGET_NAME)";
				SWIFT_VERSION = 4.0;
				TARGETED_DEVICE_FAMILY = "1,2";
				TEST_HOST = "$(BUILT_PRODUCTS_DIR)/SelerioARKitBasics.app/SelerioARKitBasics";
			};
			name = Release;
		};
/* End XCBuildConfiguration section */

/* Begin XCConfigurationList section */
		F09F9A1E2098B83900D13BAA /* Build configuration list for PBXProject "SelerioARKitBasics" */ = {
			isa = XCConfigurationList;
			buildConfigurations = (
				F09F9A402098B83A00D13BAA /* Debug */,
				F09F9A412098B83A00D13BAA /* Release */,
			);
			defaultConfigurationIsVisible = 0;
			defaultConfigurationName = Release;
		};
		F09F9A422098B83A00D13BAA /* Build configuration list for PBXNativeTarget "SelerioARKitBasics" */ = {
			isa = XCConfigurationList;
			buildConfigurations = (
				F09F9A432098B83A00D13BAA /* Debug */,
				F09F9A442098B83A00D13BAA /* Release */,
			);
			defaultConfigurationIsVisible = 0;
			defaultConfigurationName = Release;
		};
		F09F9A452098B83A00D13BAA /* Build configuration list for PBXNativeTarget "SelerioARKitBasicsTests" */ = {
			isa = XCConfigurationList;
			buildConfigurations = (
				F09F9A462098B83A00D13BAA /* Debug */,
				F09F9A472098B83A00D13BAA /* Release */,
			);
			defaultConfigurationIsVisible = 0;
			defaultConfigurationName = Release;
		};
/* End XCConfigurationList section */
	};
	rootObject = F09F9A1B2098B83900D13BAA /* Project object */;
}
